{
  "name": "cls",
  "lockfileVersion": 2,
  "requires": true,
  "packages": {
    "": {
      "dependencies": {
        "hl7.fhir.r4.core": "^4.0.1",
        "hl7.fhir.r4.examples": "^4.0.1",
        "hl7.fhir.us.core": "^5.0.1",
        "hl7.fhir.uv.bulkdata": "^2.0.0",
        "hl7.fhir.uv.sdc": "^3.0.0",
        "hl7.fhir.uv.smart-app-launch": "^2.0.0",
        "hl7.terminology.r4": "^3.1.0",
        "il.core.fhir.r4": "^0.10.1",
        "us.nlm.vsac": "^0.7.0"
      }
    },
    "node_modules/hl7.fhir.r4.core": {
      "version": "4.0.1",
      "resolved": "https://packages.simplifier.net/hl7.fhir.r4.core/4.0.1",
      "integrity": "sha1-DkuNmfeRhYdVdoLItH32BUJFR6U="
    },
    "node_modules/hl7.fhir.r4.examples": {
      "version": "4.0.1",
      "resolved": "https://packages.simplifier.net/hl7.fhir.r4.examples/4.0.1",
      "integrity": "sha1-7w6kNknQX/JGtHHK1Fg7Zi8fJ7U="
    },
    "node_modules/hl7.fhir.us.core": {
      "version": "5.0.1",
      "resolved": "https://packages.simplifier.net/hl7.fhir.us.core/5.0.1",
      "integrity": "sha1-zhq2rLsxsY1Rf/E8vnbxM+HQubc="
    },
    "node_modules/hl7.fhir.uv.bulkdata": {
      "version": "2.0.0",
      "resolved": "https://packages.simplifier.net/hl7.fhir.uv.bulkdata/2.0.0",
      "integrity": "sha1-647IuMh2RQroheGeRXyykA1wRFk="
    },
    "node_modules/hl7.fhir.uv.sdc": {
      "version": "3.0.0",
      "resolved": "https://packages.simplifier.net/hl7.fhir.uv.sdc/3.0.0",
      "integrity": "sha1-c/4kK5rsG3HdeKSodAgMicVZ4+M="
    },
    "node_modules/hl7.fhir.uv.smart-app-launch": {
      "version": "2.0.0",
      "resolved": "https://packages.simplifier.net/hl7.fhir.uv.smart-app-launch/2.0.0",
      "integrity": "sha1-NvQOT+SMj1vJqGcS14VFvDSfIUY="
    },
    "node_modules/hl7.terminology.r4": {
      "version": "3.1.0",
      "resolved": "https://packages.simplifier.net/hl7.terminology.r4/3.1.0",
      "integrity": "sha1-BgrVBhiHP07fdrs3CWowbq0bmOo="
    },
    "node_modules/il.core.fhir.r4": {
      "version": "0.10.1",
      "resolved": "https://packages.simplifier.net/il.core.fhir.r4/0.10.1",
      "integrity": "sha1-rxPnr2UWYuu+7aubnqs3zsYO6w4="
    },
    "node_modules/us.nlm.vsac": {
      "version": "0.7.0",
      "resolved": "https://packages.simplifier.net/us.nlm.vsac/0.7.0",
      "integrity": "sha1-tHoECi1Yx2qpVUQLK0nplflU9Yg="
    }
  },
  "dependencies": {
    "hl7.fhir.r4.core": {
      "version": "4.0.1",
      "resolved": "https://packages.simplifier.net/hl7.fhir.r4.core/4.0.1",
      "integrity": "sha1-DkuNmfeRhYdVdoLItH32BUJFR6U="
    },
    "hl7.fhir.r4.examples": {
      "version": "4.0.1",
      "resolved": "https://packages.simplifier.net/hl7.fhir.r4.examples/4.0.1",
      "integrity": "sha1-7w6kNknQX/JGtHHK1Fg7Zi8fJ7U="
    },
    "hl7.fhir.us.core": {
      "version": "5.0.1",
      "resolved": "https://packages.simplifier.net/hl7.fhir.us.core/5.0.1",
      "integrity": "sha1-zhq2rLsxsY1Rf/E8vnbxM+HQubc="
    },
    "hl7.fhir.uv.bulkdata": {
      "version": "2.0.0",
      "resolved": "https://packages.simplifier.net/hl7.fhir.uv.bulkdata/2.0.0",
      "integrity": "sha1-647IuMh2RQroheGeRXyykA1wRFk="
    },
    "hl7.fhir.uv.sdc": {
      "version": "3.0.0",
      "resolved": "https://packages.simplifier.net/hl7.fhir.uv.sdc/3.0.0",
      "integrity": "sha1-c/4kK5rsG3HdeKSodAgMicVZ4+M="
    },
    "hl7.fhir.uv.smart-app-launch": {
      "version": "2.0.0",
      "resolved": "https://packages.simplifier.net/hl7.fhir.uv.smart-app-launch/2.0.0",
      "integrity": "sha1-NvQOT+SMj1vJqGcS14VFvDSfIUY="
    },
    "hl7.terminology.r4": {
      "version": "3.1.0",
      "resolved": "https://packages.simplifier.net/hl7.terminology.r4/3.1.0",
      "integrity": "sha1-BgrVBhiHP07fdrs3CWowbq0bmOo="
    },
    "il.core.fhir.r4": {
      "version": "0.10.1",
      "resolved": "https://packages.simplifier.net/il.core.fhir.r4/0.10.1",
      "integrity": "sha1-rxPnr2UWYuu+7aubnqs3zsYO6w4="
    },
    "us.nlm.vsac": {
      "version": "0.7.0",
      "resolved": "https://packages.simplifier.net/us.nlm.vsac/0.7.0",
      "integrity": "sha1-tHoECi1Yx2qpVUQLK0nplflU9Yg="
    }
  }
}
